// !$*UTF8*$!
{
	archiveVersion = 1;
	classes = {
	};
	objectVersion = 50;
	objects = {

/* Begin PBXBuildFile section */
		49131D8722DF9F330034F18E /* LaunchScreen.storyboard in Resources */ = {isa = PBXBuildFile; fileRef = 49131D7F22DF9F330034F18E /* LaunchScreen.storyboard */; };
		49131D8822DF9F330034F18E /* Main.storyboard in Resources */ = {isa = PBXBuildFile; fileRef = 49131D8122DF9F330034F18E /* Main.storyboard */; };
		49131D8922DF9F330034F18E /* AppDelegate.swift in Sources */ = {isa = PBXBuildFile; fileRef = 49131D8322DF9F330034F18E /* AppDelegate.swift */; };
		49131D8A22DF9F330034F18E /* Info.plist in Resources */ = {isa = PBXBuildFile; fileRef = 49131D8422DF9F330034F18E /* Info.plist */; };
		49131D8B22DF9F330034F18E /* Assets.xcassets in Resources */ = {isa = PBXBuildFile; fileRef = 49131D8522DF9F330034F18E /* Assets.xcassets */; };
		49131D8C22DF9F330034F18E /* ViewController.swift in Sources */ = {isa = PBXBuildFile; fileRef = 49131D8622DF9F330034F18E /* ViewController.swift */; };
/* End PBXBuildFile section */

/* Begin PBXContainerItemProxy section */
		49490A4122D93B1C0057C427 /* PBXContainerItemProxy */ = {
			isa = PBXContainerItemProxy;
			containerPortal = 49490A2422D93B170057C427 /* Project object */;
			proxyType = 1;
			remoteGlobalIDString = 49490A2B22D93B170057C427;
			remoteInfo = Prime_Number_Detector;
		};
/* End PBXContainerItemProxy section */

/* Begin PBXFileReference section */
		49131D8022DF9F330034F18E /* Base */ = {isa = PBXFileReference; lastKnownFileType = file.storyboard; name = Base; path = LaunchScreen.storyboard; sourceTree = "<group>"; };
		49131D8222DF9F330034F18E /* Base */ = {isa = PBXFileReference; lastKnownFileType = file.storyboard; name = Base; path = Main.storyboard; sourceTree = "<group>"; };
		49131D8322DF9F330034F18E /* AppDelegate.swift */ = {isa = PBXFileReference; fileEncoding = 4; lastKnownFileType = sourcecode.swift; name = AppDelegate.swift; path = "Prime_Number_Detector 1.11.56 PM/AppDelegate.swift"; sourceTree = SOURCE_ROOT; };
		49131D8422DF9F330034F18E /* Info.plist */ = {isa = PBXFileReference; fileEncoding = 4; lastKnownFileType = text.plist.xml; name = Info.plist; path = "Prime_Number_Detector 1.11.56 PM/Info.plist"; sourceTree = SOURCE_ROOT; };
		49131D8522DF9F330034F18E /* Assets.xcassets */ = {isa = PBXFileReference; lastKnownFileType = folder.assetcatalog; name = Assets.xcassets; path = "Prime_Number_Detector 1.11.56 PM/Assets.xcassets"; sourceTree = SOURCE_ROOT; };
		49131D8622DF9F330034F18E /* ViewController.swift */ = {isa = PBXFileReference; fileEncoding = 4; lastKnownFileType = sourcecode.swift; name = ViewController.swift; path = "Prime_Number_Detector 1.11.56 PM/ViewController.swift"; sourceTree = SOURCE_ROOT; };
		49490A2C22D93B170057C427 /* Prime_Number_Detector.app */ = {isa = PBXFileReference; explicitFileType = wrapper.application; includeInIndex = 0; path = Prime_Number_Detector.app; sourceTree = BUILT_PRODUCTS_DIR; };
		49490A4022D93B1C0057C427 /* Prime_Number_DetectorTests.xctest */ = {isa = PBXFileReference; explicitFileType = wrapper.cfbundle; includeInIndex = 0; path = Prime_Number_DetectorTests.xctest; sourceTree = BUILT_PRODUCTS_DIR; };
/* End PBXFileReference section */

/* Begin PBXFrameworksBuildPhase section */
		49490A2922D93B170057C427 /* Frameworks */ = {
			isa = PBXFrameworksBuildPhase;
			buildActionMask = 2147483647;
			files = (
			);
			runOnlyForDeploymentPostprocessing = 0;
		};
		49490A3D22D93B1C0057C427 /* Frameworks */ = {
			isa = PBXFrameworksBuildPhase;
			buildActionMask = 2147483647;
			files = (
			);
			runOnlyForDeploymentPostprocessing = 0;
		};
/* End PBXFrameworksBuildPhase section */

/* Begin PBXGroup section */
		49131D7E22DF9F330034F18E /* Base.lproj */ = {
			isa = PBXGroup;
			children = (
				49131D7F22DF9F330034F18E /* LaunchScreen.storyboard */,
				49131D8122DF9F330034F18E /* Main.storyboard */,
			);
			name = Base.lproj;
			path = "Prime_Number_Detector 1.11.56 PM/Base.lproj";
			sourceTree = SOURCE_ROOT;
		};
		49490A2322D93B170057C427 = {
			isa = PBXGroup;
			children = (
				49490A2E22D93B170057C427 /* Prime_Number_Detector */,
				49490A2D22D93B170057C427 /* Products */,
			);
			sourceTree = "<group>";
		};
		49490A2D22D93B170057C427 /* Products */ = {
			isa = PBXGroup;
			children = (
				49490A2C22D93B170057C427 /* Prime_Number_Detector.app */,
				49490A4022D93B1C0057C427 /* Prime_Number_DetectorTests.xctest */,
			);
			name = Products;
			sourceTree = "<group>";
		};
		49490A2E22D93B170057C427 /* Prime_Number_Detector */ = {
			isa = PBXGroup;
			children = (
				49131D8622DF9F330034F18E /* ViewController.swift */,
				49131D8322DF9F330034F18E /* AppDelegate.swift */,
				49131D8522DF9F330034F18E /* Assets.xcassets */,
				49131D7E22DF9F330034F18E /* Base.lproj */,
				49131D8422DF9F330034F18E /* Info.plist */,
			);
			path = Prime_Number_Detector;
			sourceTree = "<group>";
		};
/* End PBXGroup section */

/* Begin PBXNativeTarget section */
		49490A2B22D93B170057C427 /* Prime_Number_Detector */ = {
			isa = PBXNativeTarget;
			buildConfigurationList = 49490A4922D93B1C0057C427 /* Build configuration list for PBXNativeTarget "Prime_Number_Detector" */;
			buildPhases = (
				49490A2822D93B170057C427 /* Sources */,
				49490A2922D93B170057C427 /* Frameworks */,
				49490A2A22D93B170057C427 /* Resources */,
			);
			buildRules = (
			);
			dependencies = (
			);
			name = Prime_Number_Detector;
			productName = Prime_Number_Detector;
			productReference = 49490A2C22D93B170057C427 /* Prime_Number_Detector.app */;
			productType = "com.apple.product-type.application";
		};
		49490A3F22D93B1C0057C427 /* Prime_Number_DetectorTests */ = {
			isa = PBXNativeTarget;
			buildConfigurationList = 49490A4C22D93B1C0057C427 /* Build configuration list for PBXNativeTarget "Prime_Number_DetectorTests" */;
			buildPhases = (
				49490A3C22D93B1C0057C427 /* Sources */,
				49490A3D22D93B1C0057C427 /* Frameworks */,
				49490A3E22D93B1C0057C427 /* Resources */,
			);
			buildRules = (
			);
			dependencies = (
				49490A4222D93B1C0057C427 /* PBXTargetDependency */,
			);
			name = Prime_Number_DetectorTests;
			productName = Prime_Number_DetectorTests;
			productReference = 49490A4022D93B1C0057C427 /* Prime_Number_DetectorTests.xctest */;
			productType = "com.apple.product-type.bundle.unit-test";
		};
/* End PBXNativeTarget section */

/* Begin PBXProject section */
		49490A2422D93B170057C427 /* Project object */ = {
			isa = PBXProject;
			attributes = {
				LastSwiftUpdateCheck = 1010;
				LastUpgradeCheck = 1010;
				ORGANIZATIONNAME = Tanishk;
				TargetAttributes = {
					49490A2B22D93B170057C427 = {
						CreatedOnToolsVersion = 10.1;
						LastSwiftMigration = 1010;
					};
					49490A3F22D93B1C0057C427 = {
						CreatedOnToolsVersion = 10.1;
						TestTargetID = 49490A2B22D93B170057C427;
					};
				};
			};
			buildConfigurationList = 49490A2722D93B170057C427 /* Build configuration list for PBXProject "Prime_Number_Detector 1.11.56 PM" */;
			compatibilityVersion = "Xcode 9.3";
			developmentRegion = en;
			hasScannedForEncodings = 0;
			knownRegions = (
				en,
				Base,
			);
			mainGroup = 49490A2322D93B170057C427;
			productRefGroup = 49490A2D22D93B170057C427 /* Products */;
			projectDirPath = "";
			projectRoot = "";
			targets = (
				49490A2B22D93B170057C427 /* Prime_Number_Detector */,
				49490A3F22D93B1C0057C427 /* Prime_Number_DetectorTests */,
			);
		};
/* End PBXProject section */

/* Begin PBXResourcesBuildPhase section */
		49490A2A22D93B170057C427 /* Resources */ = {
			isa = PBXResourcesBuildPhase;
			buildActionMask = 2147483647;
			files = (
				49131D8722DF9F330034F18E /* LaunchScreen.storyboard in Resources */,
				49131D8822DF9F330034F18E /* Main.storyboard in Resources */,
				49131D8B22DF9F330034F18E /* Assets.xcassets in Resources */,
				49131D8A22DF9F330034F18E /* Info.plist in Resources */,
			);
			runOnlyForDeploymentPostprocessing = 0;
		};
		49490A3E22D93B1C0057C427 /* Resources */ = {
			isa = PBXResourcesBuildPhase;
			buildActionMask = 2147483647;
			files = (
			);
			runOnlyForDeploymentPostprocessing = 0;
		};
/* End PBXResourcesBuildPhase section */

/* Begin PBXSourcesBuildPhase section */
		49490A2822D93B170057C427 /* Sources */ = {
			isa = PBXSourcesBuildPhase;
			buildActionMask = 2147483647;
			files = (
				49131D8C22DF9F330034F18E /* ViewController.swift in Sources */,
				49131D8922DF9F330034F18E /* AppDelegate.swift in Sources */,
			);
			runOnlyForDeploymentPostprocessing = 0;
		};
		49490A3C22D93B1C0057C427 /* Sources */ = {
			isa = PBXSourcesBuildPhase;
			buildActionMask = 2147483647;
			files = (
			);
			runOnlyForDeploymentPostprocessing = 0;
		};
/* End PBXSourcesBuildPhase section */

/* Begin PBXTargetDependency section */
		49490A4222D93B1C0057C427 /* PBXTargetDependency */ = {
			isa = PBXTargetDependency;
			target = 49490A2B22D93B170057C427 /* Prime_Number_Detector */;
			targetProxy = 49490A4122D93B1C0057C427 /* PBXContainerItemProxy */;
		};
/* End PBXTargetDependency section */

/* Begin PBXVariantGroup section */
		49131D7F22DF9F330034F18E /* LaunchScreen.storyboard */ = {
			isa = PBXVariantGroup;
			children = (
				49131D8022DF9F330034F18E /* Base */,
			);
			name = LaunchScreen.storyboard;
			sourceTree = "<group>";
		};
		49131D8122DF9F330034F18E /* Main.storyboard */ = {
			isa = PBXVariantGroup;
			children = (
				49131D8222DF9F330034F18E /* Base */,
			);
			name = Main.storyboard;
			sourceTree = "<group>";
		};
/* End PBXVariantGroup section */

/* Begin XCBuildConfiguration section */
		49490A4722D93B1C0057C427 /* Debug */ = {
			isa = XCBuildConfiguration;
			buildSettings = {
				ALWAYS_SEARCH_USER_PATHS = NO;
				CLANG_ANALYZER_NONNULL = YES;
				CLANG_ANALYZER_NUMBER_OBJECT_CONVERSION = YES_AGGRESSIVE;
				CLANG_CXX_LANGUAGE_STANDARD = "gnu++14";
				CLANG_CXX_LIBRARY = "libc++";
				CLANG_ENABLE_MODULES = YES;
				CLANG_ENABLE_OBJC_ARC = YES;
				CLANG_ENABLE_OBJC_WEAK = YES;
				CLANG_WARN_BLOCK_CAPTURE_AUTORELEASING = YES;
				CLANG_WARN_BOOL_CONVERSION = YES;
				CLANG_WARN_COMMA = YES;
				CLANG_WARN_CONSTANT_CONVERSION = YES;
				CLANG_WARN_DEPRECATED_OBJC_IMPLEMENTATIONS = YES;
				CLANG_WARN_DIRECT_OBJC_ISA_USAGE = YES_ERROR;
				CLANG_WARN_DOCUMENTATION_COMMENTS = YES;
				CLANG_WARN_EMPTY_BODY = YES;
				CLANG_WARN_ENUM_CONVERSION = YES;
				CLANG_WARN_INFINITE_RECURSION = YES;
				CLANG_WARN_INT_CONVERSION = YES;
				CLANG_WARN_NON_LITERAL_NULL_CONVERSION = YES;
				CLANG_WARN_OBJC_IMPLICIT_RETAIN_SELF = YES;
				CLANG_WARN_OBJC_LITERAL_CONVERSION = YES;
				CLANG_WARN_OBJC_ROOT_CLASS = YES_ERROR;
				CLANG_WARN_RANGE_LOOP_ANALYSIS = YES;
				CLANG_WARN_STRICT_PROTOTYPES = YES;
				CLANG_WARN_SUSPICIOUS_MOVE = YES;
				CLANG_WARN_UNGUARDED_AVAILABILITY = YES_AGGRESSIVE;
				CLANG_WARN_UNREACHABLE_CODE = YES;
				CLANG_WARN__DUPLICATE_METHOD_MATCH = YES;
				CODE_SIGN_IDENTITY = "iPhone Developer";
				COPY_PHASE_STRIP = NO;
				DEBUG_INFORMATION_FORMAT = dwarf;
				ENABLE_STRICT_OBJC_MSGSEND = YES;
				ENABLE_TESTABILITY = YES;
				GCC_C_LANGUAGE_STANDARD = gnu11;
				GCC_DYNAMIC_NO_PIC = NO;
				GCC_NO_COMMON_BLOCKS = YES;
				GCC_OPTIMIZATION_LEVEL = 0;
				GCC_PREPROCESSOR_DEFINITIONS = (
					"DEBUG=1",
					"$(inherited)",
				);
				GCC_WARN_64_TO_32_BIT_CONVERSION = YES;
				GCC_WARN_ABOUT_RETURN_TYPE = YES_ERROR;
				GCC_WARN_UNDECLARED_SELECTOR = YES;
				GCC_WARN_UNINITIALIZED_AUTOS = YES_AGGRESSIVE;
				GCC_WARN_UNUSED_FUNCTION = YES;
				GCC_WARN_UNUSED_VARIABLE = YES;
				IPHONEOS_DEPLOYMENT_TARGET = 12.1;
				MTL_ENABLE_DEBUG_INFO = INCLUDE_SOURCE;
				MTL_FAST_MATH = YES;
				ONLY_ACTIVE_ARCH = YES;
				SDKROOT = iphoneos;
				SWIFT_ACTIVE_COMPILATION_CONDITIONS = DEBUG;
				SWIFT_OPTIMIZATION_LEVEL = "-Onone";
			};
			name = Debug;
		};
		49490A4822D93B1C0057C427 /* Release */ = {
			isa = XCBuildConfiguration;
			buildSettings = {
				ALWAYS_SEARCH_USER_PATHS = NO;
				CLANG_ANALYZER_NONNULL = YES;
				CLANG_ANALYZER_NUMBER_OBJECT_CONVERSION = YES_AGGRESSIVE;
				CLANG_CXX_LANGUAGE_STANDARD = "gnu++14";
				CLANG_CXX_LIBRARY = "libc++";
				CLANG_ENABLE_MODULES = YES;
				CLANG_ENABLE_OBJC_ARC = YES;
				CLANG_ENABLE_OBJC_WEAK = YES;
				CLANG_WARN_BLOCK_CAPTURE_AUTORELEASING = YES;
				CLANG_WARN_BOOL_CONVERSION = YES;
				CLANG_WARN_COMMA = YES;
				CLANG_WARN_CONSTANT_CONVERSION = YES;
				CLANG_WARN_DEPRECATED_OBJC_IMPLEMENTATIONS = YES;
				CLANG_WARN_DIRECT_OBJC_ISA_USAGE = YES_ERROR;
				CLANG_WARN_DOCUMENTATION_COMMENTS = YES;
				CLANG_WARN_EMPTY_BODY = YES;
				CLANG_WARN_ENUM_CONVERSION = YES;
				CLANG_WARN_INFINITE_RECURSION = YES;
				CLANG_WARN_INT_CONVERSION = YES;
				CLANG_WARN_NON_LITERAL_NULL_CONVERSION = YES;
				CLANG_WARN_OBJC_IMPLICIT_RETAIN_SELF = YES;
				CLANG_WARN_OBJC_LITERAL_CONVERSION = YES;
				CLANG_WARN_OBJC_ROOT_CLASS = YES_ERROR;
				CLANG_WARN_RANGE_LOOP_ANALYSIS = YES;
				CLANG_WARN_STRICT_PROTOTYPES = YES;
				CLANG_WARN_SUSPICIOUS_MOVE = YES;
				CLANG_WARN_UNGUARDED_AVAILABILITY = YES_AGGRESSIVE;
				CLANG_WARN_UNREACHABLE_CODE = YES;
				CLANG_WARN__DUPLICATE_METHOD_MATCH = YES;
				CODE_SIGN_IDENTITY = "iPhone Developer";
				COPY_PHASE_STRIP = NO;
				DEBUG_INFORMATION_FORMAT = "dwarf-with-dsym";
				ENABLE_NS_ASSERTIONS = NO;
				ENABLE_STRICT_OBJC_MSGSEND = YES;
				GCC_C_LANGUAGE_STANDARD = gnu11;
				GCC_NO_COMMON_BLOCKS = YES;
				GCC_WARN_64_TO_32_BIT_CONVERSION = YES;
				GCC_WARN_ABOUT_RETURN_TYPE = YES_ERROR;
				GCC_WARN_UNDECLARED_SELECTOR = YES;
				GCC_WARN_UNINITIALIZED_AUTOS = YES_AGGRESSIVE;
				GCC_WARN_UNUSED_FUNCTION = YES;
				GCC_WARN_UNUSED_VARIABLE = YES;
				IPHONEOS_DEPLOYMENT_TARGET = 12.1;
				MTL_ENABLE_DEBUG_INFO = NO;
				MTL_FAST_MATH = YES;
				SDKROOT = iphoneos;
				SWIFT_COMPILATION_MODE = wholemodule;
				SWIFT_OPTIMIZATION_LEVEL = "-O";
				VALIDATE_PRODUCT = YES;
			};
			name = Release;
		};
		49490A4A22D93B1C0057C427 /* Debug */ = {
			isa = XCBuildConfiguration;
			buildSettings = {
				ASSETCATALOG_COMPILER_APPICON_NAME = AppIcon;
				CLANG_ENABLE_MODULES = YES;
				CODE_SIGN_STYLE = Automatic;
				DEVELOPMENT_TEAM = 28J728ALQ5;
				INFOPLIST_FILE = Prime_Number_Detector/Info.plist;
				LD_RUNPATH_SEARCH_PATHS = (
					"$(inherited)",
					"@executable_path/Frameworks",
				);
				PRODUCT_BUNDLE_IDENTIFIER = "com.tanishk.Prime-Number-Detector";
				PRODUCT_NAME = "$(TARGET_NAME)";
				SWIFT_OPTIMIZATION_LEVEL = "-Onone";
				SWIFT_VERSION = 4.2;
				TARGETED_DEVICE_FAMILY = "1,2";
			};
			name = Debug;
		};
		49490A4B22D93B1C0057C427 /* Release */ = {
			isa = XCBuildConfiguration;
			buildSettings = {
				ASSETCATALOG_COMPILER_APPICON_NAME = AppIcon;
				CLANG_ENABLE_MODULES = YES;
				CODE_SIGN_STYLE = Automatic;
				DEVELOPMENT_TEAM = 28J728ALQ5;
				INFOPLIST_FILE = Prime_Number_Detector/Info.plist;
				LD_RUNPATH_SEARCH_PATHS = (
					"$(inherited)",
					"@executable_path/Frameworks",
				);
				PRODUCT_BUNDLE_IDENTIFIER = "com.tanishk.Prime-Number-Detector";
				PRODUCT_NAME = "$(TARGET_NAME)";
				SWIFT_VERSION = 4.2;
				TARGETED_DEVICE_FAMILY = "1,2";
			};
			name = Release;
		};
		49490A4D22D93B1C0057C427 /* Debug */ = {
			isa = XCBuildConfiguration;
			buildSettings = {
				ALWAYS_EMBED_SWIFT_STANDARD_LIBRARIES = YES;
				BUNDLE_LOADER = "$(TEST_HOST)";
				CODE_SIGN_STYLE = Automatic;
				DEVELOPMENT_TEAM = 28J728ALQ5;
				INFOPLIST_FILE = Prime_Number_DetectorTests/Info.plist;
				LD_RUNPATH_SEARCH_PATHS = (
					"$(inherited)",
					"@executable_path/Frameworks",
					"@loader_path/Frameworks",
				);
				PRODUCT_BUNDLE_IDENTIFIER = "com.tanishk.Prime-Number-DetectorTests";
				PRODUCT_NAME = "$(TARGET_NAME)";
				SWIFT_VERSION = 4.2;
				TARGETED_DEVICE_FAMILY = "1,2";
				TEST_HOST = "$(BUILT_PRODUCTS_DIR)/Prime_Number_Detector.app/Prime_Number_Detector";
			};
			name = Debug;
		};
		49490A4E22D93B1C0057C427 /* Release */ = {
			isa = XCBuildConfiguration;
			buildSettings = {
				ALWAYS_EMBED_SWIFT_STANDARD_LIBRARIES = YES;
				BUNDLE_LOADER = "$(TEST_HOST)";
				CODE_SIGN_STYLE = Automatic;
				DEVELOPMENT_TEAM = 28J728ALQ5;
				INFOPLIST_FILE = Prime_Number_DetectorTests/Info.plist;
				LD_RUNPATH_SEARCH_PATHS = (
					"$(inherited)",
					"@executable_path/Frameworks",
					"@loader_path/Frameworks",
				);
				PRODUCT_BUNDLE_IDENTIFIER = "com.tanishk.Prime-Number-DetectorTests";
				PRODUCT_NAME = "$(TARGET_NAME)";
				SWIFT_VERSION = 4.2;
				TARGETED_DEVICE_FAMILY = "1,2";
				TEST_HOST = "$(BUILT_PRODUCTS_DIR)/Prime_Number_Detector.app/Prime_Number_Detector";
			};
			name = Release;
		};
/* End XCBuildConfiguration section */

/* Begin XCConfigurationList section */
		49490A2722D93B170057C427 /* Build configuration list for PBXProject "Prime_Number_Detector 1.11.56 PM" */ = {
			isa = XCConfigurationList;
			buildConfigurations = (
				49490A4722D93B1C0057C427 /* Debug */,
				49490A4822D93B1C0057C427 /* Release */,
			);
			defaultConfigurationIsVisible = 0;
			defaultConfigurationName = Release;
		};
		49490A4922D93B1C0057C427 /* Build configuration list for PBXNativeTarget "Prime_Number_Detector" */ = {
			isa = XCConfigurationList;
			buildConfigurations = (
				49490A4A22D93B1C0057C427 /* Debug */,
				49490A4B22D93B1C0057C427 /* Release */,
			);
			defaultConfigurationIsVisible = 0;
			defaultConfigurationName = Release;
		};
		49490A4C22D93B1C0057C427 /* Build configuration list for PBXNativeTarget "Prime_Number_DetectorTests" */ = {
			isa = XCConfigurationList;
			buildConfigurations = (
				49490A4D22D93B1C0057C427 /* Debug */,
				49490A4E22D93B1C0057C427 /* Release */,
			);
			defaultConfigurationIsVisible = 0;
			defaultConfigurationName = Release;
		};
/* End XCConfigurationList section */
	};
	rootObject = 49490A2422D93B170057C427 /* Project object */;
}
